
Microsoft Visual Studio Solution File, Format Version 12.00
# Visual Studio Version 16
VisualStudioVersion = 16.0.30114.105
MinimumVisualStudioVersion = 10.0.40219.1
Project("{2150E333-8FDC-42A3-9474-1A3956D46DE8}") = "src", "src", "{565C6579-A7B1-4F06-8008-6FA5D45BAAE6}"
EndProject
Project("{2150E333-8FDC-42A3-9474-1A3956D46DE8}") = "test", "test", "{352B3D40-F028-453F-A52E-5FE09DAF7D97}"
EndProject
Project("{FAE04EC0-301F-11D3-BF4B-00C04F79EFBC}") = "Api", "src\Api\Api.csproj", "{3FA019EC-6D62-4900-8BA6-DC1531C00ED1}"
EndProject
Project("{FAE04EC0-301F-11D3-BF4B-00C04F79EFBC}") = "Api.Test", "test\Api.Test\Api.Test.csproj", "{8640AEAF-3E0E-4D49-8003-88895BDAD100}"
EndProject
Project("{FAE04EC0-301F-11D3-BF4B-00C04F79EFBC}") = "Data", "src\Data\Data.csproj", "{EDB2D99D-6564-4610-8DD8-6419095B906A}"
EndProject
Project("{FAE04EC0-301F-11D3-BF4B-00C04F79EFBC}") = "Entities", "src\Entities\Entities.csproj", "{629445EC-2AAD-42AD-AADC-74DA598CE856}"
EndProject
Project("{FAE04EC0-301F-11D3-BF4B-00C04F79EFBC}") = "Services", "src\Services\Services.csproj", "{B502AA81-C130-4320-826B-8CF295BA6453}"
EndProject
Global
	GlobalSection(SolutionConfigurationPlatforms) = preSolution
		Debug|Any CPU = Debug|Any CPU
		Debug|x64 = Debug|x64
		Debug|x86 = Debug|x86
		Release|Any CPU = Release|Any CPU
		Release|x64 = Release|x64
		Release|x86 = Release|x86
	EndGlobalSection
	GlobalSection(SolutionProperties) = preSolution
		HideSolutionNode = FALSE
	EndGlobalSection
	GlobalSection(ProjectConfigurationPlatforms) = postSolution
		{3FA019EC-6D62-4900-8BA6-DC1531C00ED1}.Debug|Any CPU.ActiveCfg = Debug|Any CPU
		{3FA019EC-6D62-4900-8BA6-DC1531C00ED1}.Debug|Any CPU.Build.0 = Debug|Any CPU
		{3FA019EC-6D62-4900-8BA6-DC1531C00ED1}.Debug|x64.ActiveCfg = Debug|Any CPU
		{3FA019EC-6D62-4900-8BA6-DC1531C00ED1}.Debug|x64.Build.0 = Debug|Any CPU
		{3FA019EC-6D62-4900-8BA6-DC1531C00ED1}.Debug|x86.ActiveCfg = Debug|Any CPU
		{3FA019EC-6D62-4900-8BA6-DC1531C00ED1}.Debug|x86.Build.0 = Debug|Any CPU
		{3FA019EC-6D62-4900-8BA6-DC1531C00ED1}.Release|Any CPU.ActiveCfg = Release|Any CPU
		{3FA019EC-6D62-4900-8BA6-DC1531C00ED1}.Release|Any CPU.Build.0 = Release|Any CPU
		{3FA019EC-6D62-4900-8BA6-DC1531C00ED1}.Release|x64.ActiveCfg = Release|Any CPU
		{3FA019EC-6D62-4900-8BA6-DC1531C00ED1}.Release|x64.Build.0 = Release|Any CPU
		{3FA019EC-6D62-4900-8BA6-DC1531C00ED1}.Release|x86.ActiveCfg = Release|Any CPU
		{3FA019EC-6D62-4900-8BA6-DC1531C00ED1}.Release|x86.Build.0 = Release|Any CPU
		{8640AEAF-3E0E-4D49-8003-88895BDAD100}.Debug|Any CPU.ActiveCfg = Debug|Any CPU
		{8640AEAF-3E0E-4D49-8003-88895BDAD100}.Debug|Any CPU.Build.0 = Debug|Any CPU
		{8640AEAF-3E0E-4D49-8003-88895BDAD100}.Debug|x64.ActiveCfg = Debug|Any CPU
		{8640AEAF-3E0E-4D49-8003-88895BDAD100}.Debug|x64.Build.0 = Debug|Any CPU
		{8640AEAF-3E0E-4D49-8003-88895BDAD100}.Debug|x86.ActiveCfg = Debug|Any CPU
		{8640AEAF-3E0E-4D49-8003-88895BDAD100}.Debug|x86.Build.0 = Debug|Any CPU
		{8640AEAF-3E0E-4D49-8003-88895BDAD100}.Release|Any CPU.ActiveCfg = Release|Any CPU
		{8640AEAF-3E0E-4D49-8003-88895BDAD100}.Release|Any CPU.Build.0 = Release|Any CPU
		{8640AEAF-3E0E-4D49-8003-88895BDAD100}.Release|x64.ActiveCfg = Release|Any CPU
		{8640AEAF-3E0E-4D49-8003-88895BDAD100}.Release|x64.Build.0 = Release|Any CPU
		{8640AEAF-3E0E-4D49-8003-88895BDAD100}.Release|x86.ActiveCfg = Release|Any CPU
		{8640AEAF-3E0E-4D49-8003-88895BDAD100}.Release|x86.Build.0 = Release|Any CPU
		{EDB2D99D-6564-4610-8DD8-6419095B906A}.Debug|Any CPU.ActiveCfg = Debug|Any CPU
		{EDB2D99D-6564-4610-8DD8-6419095B906A}.Debug|Any CPU.Build.0 = Debug|Any CPU
		{EDB2D99D-6564-4610-8DD8-6419095B906A}.Debug|x64.ActiveCfg = Debug|Any CPU
		{EDB2D99D-6564-4610-8DD8-6419095B906A}.Debug|x64.Build.0 = Debug|Any CPU
		{EDB2D99D-6564-4610-8DD8-6419095B906A}.Debug|x86.ActiveCfg = Debug|Any CPU
		{EDB2D99D-6564-4610-8DD8-6419095B906A}.Debug|x86.Build.0 = Debug|Any CPU
		{EDB2D99D-6564-4610-8DD8-6419095B906A}.Release|Any CPU.ActiveCfg = Release|Any CPU
		{EDB2D99D-6564-4610-8DD8-6419095B906A}.Release|Any CPU.Build.0 = Release|Any CPU
		{EDB2D99D-6564-4610-8DD8-6419095B906A}.Release|x64.ActiveCfg = Release|Any CPU
		{EDB2D99D-6564-4610-8DD8-6419095B906A}.Release|x64.Build.0 = Release|Any CPU
		{EDB2D99D-6564-4610-8DD8-6419095B906A}.Release|x86.ActiveCfg = Release|Any CPU
		{EDB2D99D-6564-4610-8DD8-6419095B906A}.Release|x86.Build.0 = Release|Any CPU
		{629445EC-2AAD-42AD-AADC-74DA598CE856}.Debug|Any CPU.ActiveCfg = Debug|Any CPU
		{629445EC-2AAD-42AD-AADC-74DA598CE856}.Debug|Any CPU.Build.0 = Debug|Any CPU
		{629445EC-2AAD-42AD-AADC-74DA598CE856}.Debug|x64.ActiveCfg = Debug|Any CPU
		{629445EC-2AAD-42AD-AADC-74DA598CE856}.Debug|x64.Build.0 = Debug|Any CPU
		{629445EC-2AAD-42AD-AADC-74DA598CE856}.Debug|x86.ActiveCfg = Debug|Any CPU
		{629445EC-2AAD-42AD-AADC-74DA598CE856}.Debug|x86.Build.0 = Debug|Any CPU
		{629445EC-2AAD-42AD-AADC-74DA598CE856}.Release|Any CPU.ActiveCfg = Release|Any CPU
		{629445EC-2AAD-42AD-AADC-74DA598CE856}.Release|Any CPU.Build.0 = Release|Any CPU
		{629445EC-2AAD-42AD-AADC-74DA598CE856}.Release|x64.ActiveCfg = Release|Any CPU
		{629445EC-2AAD-42AD-AADC-74DA598CE856}.Release|x64.Build.0 = Release|Any CPU
		{629445EC-2AAD-42AD-AADC-74DA598CE856}.Release|x86.ActiveCfg = Release|Any CPU
		{629445EC-2AAD-42AD-AADC-74DA598CE856}.Release|x86.Build.0 = Release|Any CPU
		{B502AA81-C130-4320-826B-8CF295BA6453}.Debug|Any CPU.ActiveCfg = Debug|Any CPU
		{B502AA81-C130-4320-826B-8CF295BA6453}.Debug|Any CPU.Build.0 = Debug|Any CPU
		{B502AA81-C130-4320-826B-8CF295BA6453}.Debug|x64.ActiveCfg = Debug|Any CPU
		{B502AA81-C130-4320-826B-8CF295BA6453}.Debug|x64.Build.0 = Debug|Any CPU
		{B502AA81-C130-4320-826B-8CF295BA6453}.Debug|x86.ActiveCfg = Debug|Any CPU
		{B502AA81-C130-4320-826B-8CF295BA6453}.Debug|x86.Build.0 = Debug|Any CPU
		{B502AA81-C130-4320-826B-8CF295BA6453}.Release|Any CPU.ActiveCfg = Release|Any CPU
		{B502AA81-C130-4320-826B-8CF295BA6453}.Release|Any CPU.Build.0 = Release|Any CPU
		{B502AA81-C130-4320-826B-8CF295BA6453}.Release|x64.ActiveCfg = Release|Any CPU
		{B502AA81-C130-4320-826B-8CF295BA6453}.Release|x64.Build.0 = Release|Any CPU
		{B502AA81-C130-4320-826B-8CF295BA6453}.Release|x86.ActiveCfg = Release|Any CPU
		{B502AA81-C130-4320-826B-8CF295BA6453}.Release|x86.Build.0 = Release|Any CPU
	EndGlobalSection
	GlobalSection(NestedProjects) = preSolution
		{3FA019EC-6D62-4900-8BA6-DC1531C00ED1} = {565C6579-A7B1-4F06-8008-6FA5D45BAAE6}
		{8640AEAF-3E0E-4D49-8003-88895BDAD100} = {352B3D40-F028-453F-A52E-5FE09DAF7D97}
		{EDB2D99D-6564-4610-8DD8-6419095B906A} = {565C6579-A7B1-4F06-8008-6FA5D45BAAE6}
		{629445EC-2AAD-42AD-AADC-74DA598CE856} = {565C6579-A7B1-4F06-8008-6FA5D45BAAE6}
		{B502AA81-C130-4320-826B-8CF295BA6453} = {565C6579-A7B1-4F06-8008-6FA5D45BAAE6}
	EndGlobalSection
EndGlobal
